
Microsoft Visual Studio Solution File, Format Version 12.00
# Visual Studio 15
VisualStudioVersion = 15.0.28010.2003
MinimumVisualStudioVersion = 10.0.40219.1
Project("{FAE04EC0-301F-11D3-BF4B-00C04F79EFBC}") = "CRUD", "CRUD\CRUD.csproj", "{23663D90-A19A-4D89-B5BE-8C77CD84010A}"
EndProject
Project("{FAE04EC0-301F-11D3-BF4B-00C04F79EFBC}") = "WindowsFormsApp1", "WindowsFormsApp1\WindowsFormsApp1.csproj", "{ABE2C3CA-086A-4B58-A798-65A236044EA3}"
EndProject
Global
	GlobalSection(SolutionConfigurationPlatforms) = preSolution
		Debug|Any CPU = Debug|Any CPU
		Release|Any CPU = Release|Any CPU
	EndGlobalSection
	GlobalSection(ProjectConfigurationPlatforms) = postSolution
		{23663D90-A19A-4D89-B5BE-8C77CD84010A}.Debug|Any CPU.ActiveCfg = Debug|Any CPU
		{23663D90-A19A-4D89-B5BE-8C77CD84010A}.Debug|Any CPU.Build.0 = Debug|Any CPU
		{23663D90-A19A-4D89-B5BE-8C77CD84010A}.Release|Any CPU.ActiveCfg = Release|Any CPU
		{23663D90-A19A-4D89-B5BE-8C77CD84010A}.Release|Any CPU.Build.0 = Release|Any CPU
		{ABE2C3CA-086A-4B58-A798-65A236044EA3}.Debug|Any CPU.ActiveCfg = Debug|Any CPU
		{ABE2C3CA-086A-4B58-A798-65A236044EA3}.Debug|Any CPU.Build.0 = Debug|Any CPU
		{ABE2C3CA-086A-4B58-A798-65A236044EA3}.Release|Any CPU.ActiveCfg = Release|Any CPU
		{ABE2C3CA-086A-4B58-A798-65A236044EA3}.Release|Any CPU.Build.0 = Release|Any CPU
	EndGlobalSection
	GlobalSection(SolutionProperties) = preSolution
		HideSolutionNode = FALSE
	EndGlobalSection
	GlobalSection(ExtensibilityGlobals) = postSolution
		SolutionGuid = {3A33E50F-B837-45E9-A022-E43C9921F481}
	EndGlobalSection
EndGlobal
